github.com/rzcastilho/dog v0.0.0-20250325174756-ac639e90597f h1:5hnLL5A9CIFDTZRyb5nZE4Gdaapov3veh+VpBL2YUdQ=
github.com/rzcastilho/dog v0.0.0-20250325174756-ac639e90597f/go.mod h1:InohiVkL7/ZOGf2cyRJivHroqfPB5r0hxNp/4zEbpfk=
github.com/rzcastilho/puppy v0.0.0-20250325174830-46a5a7c6261d h1:DOEEmrYl3mJYc/w6UkAiXrIsCcUNvUG9knttq49L0KI=
github.com/rzcastilho/puppy v0.0.0-20250325174830-46a5a7c6261d/go.mod h1:j8/YILUQ0+7wfpIcdK+51R0/rxvWE3s/5SP2G/DkabM=
github.com/rzcastilho/puppy v0.0.0-20250325175810-96fdea09f2bd h1:mgc9ZwYEUGXQ+SlCwa4BGD0t1bI3DlQ1vFpYxpswpAc=
github.com/rzcastilho/puppy v0.0.0-20250325175810-96fdea09f2bd/go.mod h1:cAyncdvfY8E/B3Ny9pvK2Uiohagw6cel0TOenrRUlo8=
